
Microsoft Visual Studio Solution File, Format Version 12.00
# Visual Studio Version 17
VisualStudioVersion = 17.2.32516.85
MinimumVisualStudioVersion = 10.0.40219.1
Project("{FAE04EC0-301F-11D3-BF4B-00C04F79EFBC}") = "newActivity9", "newActivity9.csproj", "{CE331F83-1826-4A9A-A9CA-1FAB4D45CD72}"
EndProject
Global
	GlobalSection(SolutionConfigurationPlatforms) = preSolution
		Debug|Any CPU = Debug|Any CPU
		Release|Any CPU = Release|Any CPU
	EndGlobalSection
	GlobalSection(ProjectConfigurationPlatforms) = postSolution
		{CE331F83-1826-4A9A-A9CA-1FAB4D45CD72}.Debug|Any CPU.ActiveCfg = Debug|Any CPU
		{CE331F83-1826-4A9A-A9CA-1FAB4D45CD72}.Debug|Any CPU.Build.0 = Debug|Any CPU
		{CE331F83-1826-4A9A-A9CA-1FAB4D45CD72}.Release|Any CPU.ActiveCfg = Release|Any CPU
		{CE331F83-1826-4A9A-A9CA-1FAB4D45CD72}.Release|Any CPU.Build.0 = Release|Any CPU
	EndGlobalSection
	GlobalSection(SolutionProperties) = preSolution
		HideSolutionNode = FALSE
	EndGlobalSection
	GlobalSection(ExtensibilityGlobals) = postSolution
		SolutionGuid = {F7E21925-FFF5-46A5-B32B-1EEB3D9CD944}
	EndGlobalSection
EndGlobal
